
Microsoft Visual Studio Solution File, Format Version 12.00
# Visual Studio Version 17
VisualStudioVersion = 17.1.32210.238
MinimumVisualStudioVersion = 10.0.40219.1
Project("{9A19103F-16F7-4668-BE54-9A1E7A4F7556}") = "WebApi", "WebApi\WebApi.csproj", "{C6CAB9EA-96CE-4FF0-A553-D6804DF3A125}"
EndProject
Project("{9A19103F-16F7-4668-BE54-9A1E7A4F7556}") = "SharedProject", "SharedProject\SharedProject.csproj", "{6DE4E6B0-1612-463D-AF60-684FED6C0AC6}"
EndProject
Project("{FAE04EC0-301F-11D3-BF4B-00C04F79EFBC}") = "UI", "UI\UI.csproj", "{6CDCD6B1-A956-4713-AFD9-024B4028938D}"
EndProject
Global
	GlobalSection(SolutionConfigurationPlatforms) = preSolution
		Debug|Any CPU = Debug|Any CPU
		Debug|ARM = Debug|ARM
		Debug|ARM64 = Debug|ARM64
		Debug|x64 = Debug|x64
		Debug|x86 = Debug|x86
		Release|Any CPU = Release|Any CPU
		Release|ARM = Release|ARM
		Release|ARM64 = Release|ARM64
		Release|x64 = Release|x64
		Release|x86 = Release|x86
	EndGlobalSection
	GlobalSection(ProjectConfigurationPlatforms) = postSolution
		{C6CAB9EA-96CE-4FF0-A553-D6804DF3A125}.Debug|Any CPU.ActiveCfg = Debug|Any CPU
		{C6CAB9EA-96CE-4FF0-A553-D6804DF3A125}.Debug|Any CPU.Build.0 = Debug|Any CPU
		{C6CAB9EA-96CE-4FF0-A553-D6804DF3A125}.Debug|ARM.ActiveCfg = Debug|Any CPU
		{C6CAB9EA-96CE-4FF0-A553-D6804DF3A125}.Debug|ARM.Build.0 = Debug|Any CPU
		{C6CAB9EA-96CE-4FF0-A553-D6804DF3A125}.Debug|ARM64.ActiveCfg = Debug|Any CPU
		{C6CAB9EA-96CE-4FF0-A553-D6804DF3A125}.Debug|ARM64.Build.0 = Debug|Any CPU
		{C6CAB9EA-96CE-4FF0-A553-D6804DF3A125}.Debug|x64.ActiveCfg = Debug|Any CPU
		{C6CAB9EA-96CE-4FF0-A553-D6804DF3A125}.Debug|x64.Build.0 = Debug|Any CPU
		{C6CAB9EA-96CE-4FF0-A553-D6804DF3A125}.Debug|x86.ActiveCfg = Debug|Any CPU
		{C6CAB9EA-96CE-4FF0-A553-D6804DF3A125}.Debug|x86.Build.0 = Debug|Any CPU
		{C6CAB9EA-96CE-4FF0-A553-D6804DF3A125}.Release|Any CPU.ActiveCfg = Release|Any CPU
		{C6CAB9EA-96CE-4FF0-A553-D6804DF3A125}.Release|Any CPU.Build.0 = Release|Any CPU
		{C6CAB9EA-96CE-4FF0-A553-D6804DF3A125}.Release|ARM.ActiveCfg = Release|Any CPU
		{C6CAB9EA-96CE-4FF0-A553-D6804DF3A125}.Release|ARM.Build.0 = Release|Any CPU
		{C6CAB9EA-96CE-4FF0-A553-D6804DF3A125}.Release|ARM64.ActiveCfg = Release|Any CPU
		{C6CAB9EA-96CE-4FF0-A553-D6804DF3A125}.Release|ARM64.Build.0 = Release|Any CPU
		{C6CAB9EA-96CE-4FF0-A553-D6804DF3A125}.Release|x64.ActiveCfg = Release|Any CPU
		{C6CAB9EA-96CE-4FF0-A553-D6804DF3A125}.Release|x64.Build.0 = Release|Any CPU
		{C6CAB9EA-96CE-4FF0-A553-D6804DF3A125}.Release|x86.ActiveCfg = Release|Any CPU
		{C6CAB9EA-96CE-4FF0-A553-D6804DF3A125}.Release|x86.Build.0 = Release|Any CPU
		{6DE4E6B0-1612-463D-AF60-684FED6C0AC6}.Debug|Any CPU.ActiveCfg = Debug|Any CPU
		{6DE4E6B0-1612-463D-AF60-684FED6C0AC6}.Debug|Any CPU.Build.0 = Debug|Any CPU
		{6DE4E6B0-1612-463D-AF60-684FED6C0AC6}.Debug|ARM.ActiveCfg = Debug|Any CPU
		{6DE4E6B0-1612-463D-AF60-684FED6C0AC6}.Debug|ARM.Build.0 = Debug|Any CPU
		{6DE4E6B0-1612-463D-AF60-684FED6C0AC6}.Debug|ARM64.ActiveCfg = Debug|Any CPU
		{6DE4E6B0-1612-463D-AF60-684FED6C0AC6}.Debug|ARM64.Build.0 = Debug|Any CPU
		{6DE4E6B0-1612-463D-AF60-684FED6C0AC6}.Debug|x64.ActiveCfg = Debug|Any CPU
		{6DE4E6B0-1612-463D-AF60-684FED6C0AC6}.Debug|x64.Build.0 = Debug|Any CPU
		{6DE4E6B0-1612-463D-AF60-684FED6C0AC6}.Debug|x86.ActiveCfg = Debug|Any CPU
		{6DE4E6B0-1612-463D-AF60-684FED6C0AC6}.Debug|x86.Build.0 = Debug|Any CPU
		{6DE4E6B0-1612-463D-AF60-684FED6C0AC6}.Release|Any CPU.ActiveCfg = Release|Any CPU
		{6DE4E6B0-1612-463D-AF60-684FED6C0AC6}.Release|Any CPU.Build.0 = Release|Any CPU
		{6DE4E6B0-1612-463D-AF60-684FED6C0AC6}.Release|ARM.ActiveCfg = Release|Any CPU
		{6DE4E6B0-1612-463D-AF60-684FED6C0AC6}.Release|ARM.Build.0 = Release|Any CPU
		{6DE4E6B0-1612-463D-AF60-684FED6C0AC6}.Release|ARM64.ActiveCfg = Release|Any CPU
		{6DE4E6B0-1612-463D-AF60-684FED6C0AC6}.Release|ARM64.Build.0 = Release|Any CPU
		{6DE4E6B0-1612-463D-AF60-684FED6C0AC6}.Release|x64.ActiveCfg = Release|Any CPU
		{6DE4E6B0-1612-463D-AF60-684FED6C0AC6}.Release|x64.Build.0 = Release|Any CPU
		{6DE4E6B0-1612-463D-AF60-684FED6C0AC6}.Release|x86.ActiveCfg = Release|Any CPU
		{6DE4E6B0-1612-463D-AF60-684FED6C0AC6}.Release|x86.Build.0 = Release|Any CPU
		{6CDCD6B1-A956-4713-AFD9-024B4028938D}.Debug|Any CPU.ActiveCfg = Debug|Any CPU
		{6CDCD6B1-A956-4713-AFD9-024B4028938D}.Debug|Any CPU.Build.0 = Debug|Any CPU
		{6CDCD6B1-A956-4713-AFD9-024B4028938D}.Debug|ARM.ActiveCfg = Debug|Any CPU
		{6CDCD6B1-A956-4713-AFD9-024B4028938D}.Debug|ARM.Build.0 = Debug|Any CPU
		{6CDCD6B1-A956-4713-AFD9-024B4028938D}.Debug|ARM64.ActiveCfg = Debug|Any CPU
		{6CDCD6B1-A956-4713-AFD9-024B4028938D}.Debug|ARM64.Build.0 = Debug|Any CPU
		{6CDCD6B1-A956-4713-AFD9-024B4028938D}.Debug|x64.ActiveCfg = Debug|Any CPU
		{6CDCD6B1-A956-4713-AFD9-024B4028938D}.Debug|x64.Build.0 = Debug|Any CPU
		{6CDCD6B1-A956-4713-AFD9-024B4028938D}.Debug|x86.ActiveCfg = Debug|Any CPU
		{6CDCD6B1-A956-4713-AFD9-024B4028938D}.Debug|x86.Build.0 = Debug|Any CPU
		{6CDCD6B1-A956-4713-AFD9-024B4028938D}.Release|Any CPU.ActiveCfg = Release|Any CPU
		{6CDCD6B1-A956-4713-AFD9-024B4028938D}.Release|Any CPU.Build.0 = Release|Any CPU
		{6CDCD6B1-A956-4713-AFD9-024B4028938D}.Release|ARM.ActiveCfg = Release|Any CPU
		{6CDCD6B1-A956-4713-AFD9-024B4028938D}.Release|ARM.Build.0 = Release|Any CPU
		{6CDCD6B1-A956-4713-AFD9-024B4028938D}.Release|ARM64.ActiveCfg = Release|Any CPU
		{6CDCD6B1-A956-4713-AFD9-024B4028938D}.Release|ARM64.Build.0 = Release|Any CPU
		{6CDCD6B1-A956-4713-AFD9-024B4028938D}.Release|x64.ActiveCfg = Release|Any CPU
		{6CDCD6B1-A956-4713-AFD9-024B4028938D}.Release|x64.Build.0 = Release|Any CPU
		{6CDCD6B1-A956-4713-AFD9-024B4028938D}.Release|x86.ActiveCfg = Release|Any CPU
		{6CDCD6B1-A956-4713-AFD9-024B4028938D}.Release|x86.Build.0 = Release|Any CPU
	EndGlobalSection
	GlobalSection(SolutionProperties) = preSolution
		HideSolutionNode = FALSE
	EndGlobalSection
	GlobalSection(ExtensibilityGlobals) = postSolution
		SolutionGuid = {4BB83BBF-4FA4-40B5-93C3-D96B235761ED}
	EndGlobalSection
EndGlobal
